github.com/adamzy/cedar-go v0.0.0-20170805034717-80a9c64b256d h1:ir/IFJU5xbja5UaBEQLjcvn7aAU01nqU/NUyOBEU+ew=
github.com/adamzy/cedar-go v0.0.0-20170805034717-80a9c64b256d/go.mod h1:PRWNwWq0yifz6XDPZu48aSld8BWwBfr2JKB2bGWiEd4=
github.com/adamzy/sego v0.0.0-20151004184924-5eab9a44f8e8/go.mod h1:KQxo+Xesl2wLJ3yJcX443KaoWzXpbPzU1GNRyE8kNEY=
github.com/boltdb/bolt v1.3.1 h1:JQmyP4ZBrce+ZQu0dY660FMfatumYDLun9hBCUVIkF4=
github.com/boltdb/bolt v1.3.1/go.mod h1:clJnj/oiGkjum5o1McbSZDSLxVThjynRyGBgiAx27Ps=
github.com/edsrzf/mmap-go v1.1.0/go.mod h1:19H/e8pUPLicwkyNgOykDXkJ9F0MHE+Z52B8EIth78Q=
github.com/edsrzf/mmap-go v1.2.0 h1:hXLYlkbaPzt1SaQk+anYwKSRNhufIDCchSPkUD6dD84=
github.com/edsrzf/mmap-go v1.2.0/go.mod h1:19H/e8pUPLicwkyNgOykDXkJ9F0MHE+Z52B8EIth78Q=
github.com/golang/snappy v0.0.3/go.mod h1:/XxbfmMg8lxefKM7IXC3fBNl/7bRcc72aCRzEWrmP2Q=
github.com/golang/snappy v1.0.0 h1:Oy607GVXHs7RtbggtPBnr2RmDArIsAefDwvrdWvRhGs=
github.com/golang/snappy v1.0.0/go.mod h1:/XxbfmMg8lxefKM7IXC3fBNl/7bRcc72aCRzEWrmP2Q=
github.com/huichen/murmur v0.0.0-20130808212358-e0489551cf51 h1:86ZSBmeBzG7dWW2rx9imn5pVKgqe7YjWzZ9qhn4Z+9A=
github.com/huichen/murmur v0.0.0-20130808212358-e0489551cf51/go.mod h1:UKrDR4kaPWAPk8cJGrHoTgyI8OmHPNDjUxx/aOK4ySU=
github.com/huichen/sego v0.0.0-20210824061530-c87651ea5c76 h1:qNQ2+1IQT9Mor/vfEHePOQSbiapLoNI7sQmpxM7l1Ew=
github.com/huichen/sego v0.0.0-20210824061530-c87651ea5c76/go.mod h1:Fymg8+khR/cKSuIwqRxy/jmZg7PIPLk7CauXzrbcMUM=
github.com/issue9/assert v1.4.1 h1:gUtOpMTeaE4JTe9kACma5foOHBvVt1p5XTFrULDwdXI=
github.com/issue9/assert v1.4.1/go.mod h1:Yktk83hAVl1SPSYtd9kjhBizuiBIqUQyj+D5SE2yjVY=
github.com/remyoudompheng/bigfft v0.0.0-20200410134404-eec4a21b6bb0/go.mod h1:qqbHyh8v60DhA7CoWK5oRCqLrMHRGoxYCSS9EjAz6Eo=
github.com/remyoudompheng/bigfft v0.0.0-20230129092748-24d4a6f8daec h1:W09IVJc94icq4NjY3clb7Lk8O1qJ8BdBEF8z0ibU0rE=
github.com/remyoudompheng/bigfft v0.0.0-20230129092748-24d4a6f8daec/go.mod h1:qqbHyh8v60DhA7CoWK5oRCqLrMHRGoxYCSS9EjAz6Eo=
golang.org/x/sys v0.0.0-20211216021012-1d35b9e2eb4e/go.mod h1:oPkhp1MJrh7nUepCBck5+mAzfO9JrbApNNgaTdGDITg=
golang.org/x/sys v0.8.0/go.mod h1:oPkhp1MJrh7nUepCBck5+mAzfO9JrbApNNgaTdGDITg=
golang.org/x/sys v0.39.0 h1:CvCKL8MeisomCi6qNZ+wbb0DN9E5AATixKsvNtMoMFk=
golang.org/x/sys v0.39.0/go.mod h1:OgkHotnGiDImocRcuBABYBEXf8A9a87e/uXjp9XT3ks=
modernc.org/bufs v1.0.0/go.mod h1:0FCJ1mAhGiiFos8v2PISFhP2fEj3CK4/ACCLidqU/Ok=
modernc.org/exp v1.0.0/go.mod h1:nfZshN9GU3d+mveZaR6VW2wJfh8gVBDgp8i2NZ/pFM8=
modernc.org/fileutil v1.1.2/go.mod h1:HdjlliqRHrMAI4nVOvvpYVzVgvRSK7WnoCiG0GUWJNo=
modernc.org/fileutil v1.3.40 h1:ZGMswMNc9JOCrcrakF1HrvmergNLAmxOPjizirpfqBA=
modernc.org/fileutil v1.3.40/go.mod h1:HxmghZSZVAz/LXcMNwZPA/DRrQZEVP9VX0V4LQGQFOc=
modernc.org/internal v1.0.7/go.mod h1:CUocFmERLLCOQogxq8ZQl5MSO97yGh3qb4QvVg6ltkM=
modernc.org/internal v1.0.8/go.mod h1:km71QBJPWkc1+LUldg2U9TJsKT6Q2QKHIykdEeCy/jw=
modernc.org/internal v1.1.9 h1:ldAWZkxkOTXXLKXRmEgEGIax7kzE4Q4JoIh6ouvDKgM=
modernc.org/internal v1.1.9/go.mod h1:5s+KF0W41ZrnzvPkq/p/8yorM8gKw5OmcnzNNZHfNUs=
modernc.org/kv v1.0.6 h1:AHU9VjTTR2G6Ju6QxyflKkGeoLVnhXU0gozEm6eIoxE=
modernc.org/kv v1.0.6/go.mod h1:KrVRKgVrguS7TmsugzO7E+wrVNjEGoRgVAaW7TaCcyk=
modernc.org/lldb v1.0.6/go.mod h1://GHnWOjvE55xy1RmFfIH2eNTMUKITJBxHkOVybR/IU=
modernc.org/lldb v1.0.8 h1:gM0Lpmgtw0h/ylWQSxABvzJ++TZKhf1Q/uPAGBAM6aU=
modernc.org/lldb v1.0.8/go.mod h1:ybOcsZ/RNZo3q8fiGadQFRnD+1Jc+RWGcTPdeilCnUk=
modernc.org/mathutil v1.5.0/go.mod h1:mZW8CKdRPY1v87qxC/wUdX5O1qDzXMP5TH3wjfpga6E=
modernc.org/mathutil v1.7.1 h1:GCZVGXdaN8gTqB1Mf/usp1Y/hSqgI2vAGGP4jZMCxOU=
modernc.org/mathutil v1.7.1/go.mod h1:4p5IwJITfppl0G4sUEDtCr4DthTaT47/N3aT6MhfgJg=
modernc.org/sortutil v1.1.1/go.mod h1:DTj/8BqjEBLZFVPYvEGDfFFg94SsfPxQ70R+SQJ98qA=
modernc.org/sortutil v1.2.1 h1:+xyoGf15mM3NMlPDnFqrteY07klSFxLElE2PVuWIJ7w=
modernc.org/sortutil v1.2.1/go.mod h1:7ZI3a3REbai7gzCLcotuw9AC4VZVpYMjDzETGsSMqJE=
modernc.org/zappy v1.0.8/go.mod h1:6F4/5KSzEr0yj4aFpm34JDp2cqkbeoQW7+vbNubRT3c=
modernc.org/zappy v1.0.9/go.mod h1:y2c4Hv5jzyBP179SxNmx5H/BM6cVgNIXPQv2bCeR6IM=
modernc.org/zappy v1.1.0 h1:cAf9HrymATNo2hYMc9c37y0tiZJYuKM2xa1ZAP8THUw=
modernc.org/zappy v1.1.0/go.mod h1:cxC0dWAgZuyMsJ+KL3ZBgo3twyKGBB/0By/umSZE2bQ=
